
Microsoft Visual Studio Solution File, Format Version 12.00
# Visual Studio Version 16
VisualStudioVersion = 16.0.31613.86
MinimumVisualStudioVersion = 10.0.40219.1
Project("{FAE04EC0-301F-11D3-BF4B-00C04F79EFBC}") = "Euler", "Euler\Euler.csproj", "{BC4295A9-8776-4D2F-A33C-CE62568D7622}"
EndProject
Global
	GlobalSection(SolutionConfigurationPlatforms) = preSolution
		Debug|Any CPU = Debug|Any CPU
		Release|Any CPU = Release|Any CPU
	EndGlobalSection
	GlobalSection(ProjectConfigurationPlatforms) = postSolution
		{BC4295A9-8776-4D2F-A33C-CE62568D7622}.Debug|Any CPU.ActiveCfg = Debug|Any CPU
		{BC4295A9-8776-4D2F-A33C-CE62568D7622}.Debug|Any CPU.Build.0 = Debug|Any CPU
		{BC4295A9-8776-4D2F-A33C-CE62568D7622}.Release|Any CPU.ActiveCfg = Release|Any CPU
		{BC4295A9-8776-4D2F-A33C-CE62568D7622}.Release|Any CPU.Build.0 = Release|Any CPU
	EndGlobalSection
	GlobalSection(SolutionProperties) = preSolution
		HideSolutionNode = FALSE
	EndGlobalSection
	GlobalSection(ExtensibilityGlobals) = postSolution
		SolutionGuid = {9940742E-FB25-4891-9D80-BAE68B2A7584}
	EndGlobalSection
EndGlobal
